
Microsoft Visual Studio Solution File, Format Version 12.00
# Visual Studio 15
VisualStudioVersion = 15.0.27703.2000
MinimumVisualStudioVersion = 10.0.40219.1
Project("{FAE04EC0-301F-11D3-BF4B-00C04F79EFBC}") = "MyNewService", "MyNewService\MyNewService.csproj", "{92181E68-EC90-4D4F-85F8-7905B704308D}"
EndProject
Global
	GlobalSection(SolutionConfigurationPlatforms) = preSolution
		Debug|Any CPU = Debug|Any CPU
		Release|Any CPU = Release|Any CPU
	EndGlobalSection
	GlobalSection(ProjectConfigurationPlatforms) = postSolution
		{92181E68-EC90-4D4F-85F8-7905B704308D}.Debug|Any CPU.ActiveCfg = Debug|Any CPU
		{92181E68-EC90-4D4F-85F8-7905B704308D}.Debug|Any CPU.Build.0 = Debug|Any CPU
		{92181E68-EC90-4D4F-85F8-7905B704308D}.Release|Any CPU.ActiveCfg = Release|Any CPU
		{92181E68-EC90-4D4F-85F8-7905B704308D}.Release|Any CPU.Build.0 = Release|Any CPU
	EndGlobalSection
	GlobalSection(SolutionProperties) = preSolution
		HideSolutionNode = FALSE
	EndGlobalSection
	GlobalSection(ExtensibilityGlobals) = postSolution
		SolutionGuid = {F5B584BE-5053-46C6-94FD-232974BCF884}
	EndGlobalSection
EndGlobal
